
Microsoft Visual Studio Solution File, Format Version 12.00
# Visual Studio Version 16
VisualStudioVersion = 16.0.31515.178
MinimumVisualStudioVersion = 10.0.40219.1
Project("{FAE04EC0-301F-11D3-BF4B-00C04F79EFBC}") = "Image_Match", "Image_Match\Image_Match.csproj", "{82B1292F-252F-45E1-94E2-A02B7EBE7008}"
EndProject
Global
	GlobalSection(SolutionConfigurationPlatforms) = preSolution
		Debug|Any CPU = Debug|Any CPU
		Release|Any CPU = Release|Any CPU
	EndGlobalSection
	GlobalSection(ProjectConfigurationPlatforms) = postSolution
		{82B1292F-252F-45E1-94E2-A02B7EBE7008}.Debug|Any CPU.ActiveCfg = Debug|Any CPU
		{82B1292F-252F-45E1-94E2-A02B7EBE7008}.Debug|Any CPU.Build.0 = Debug|Any CPU
		{82B1292F-252F-45E1-94E2-A02B7EBE7008}.Release|Any CPU.ActiveCfg = Release|Any CPU
		{82B1292F-252F-45E1-94E2-A02B7EBE7008}.Release|Any CPU.Build.0 = Release|Any CPU
	EndGlobalSection
	GlobalSection(SolutionProperties) = preSolution
		HideSolutionNode = FALSE
	EndGlobalSection
	GlobalSection(ExtensibilityGlobals) = postSolution
		SolutionGuid = {B80BCE1C-4A98-4E8D-87AA-0768D497901A}
	EndGlobalSection
EndGlobal
